// !$*UTF8*$!
{
	archiveVersion = 1;
	classes = {
	};
	objectVersion = 51;
	objects = {

/* Begin PBXBuildFile section */
		1FBBA74B1769F4C852975007 /* Pods_CalendarClock.framework in Frameworks */ = {isa = PBXBuildFile; fileRef = A6D9247FE49AB737B887DFC6 /* Pods_CalendarClock.framework */; };
		2A2A3C11236FEC32008FF51D /* SECRET.swift in Sources */ = {isa = PBXBuildFile; fileRef = 2A2A3C10236FEC32008FF51D /* SECRET.swift */; };
		2A471CF5256A4BAF004A0AA1 /* CustomWeather.swift in Sources */ = {isa = PBXBuildFile; fileRef = 2A471CF4256A4BAF004A0AA1 /* CustomWeather.swift */; };
		E703AC602242215E00E7FA4F /* PieProgressLayer.swift in Sources */ = {isa = PBXBuildFile; fileRef = E703AC5C2242215E00E7FA4F /* PieProgressLayer.swift */; };
		E703AC612242215E00E7FA4F /* NSBezierPath+CGPath.swift in Sources */ = {isa = PBXBuildFile; fileRef = E703AC5D2242215E00E7FA4F /* NSBezierPath+CGPath.swift */; };
		E703AC622242215E00E7FA4F /* PieProgressView.swift in Sources */ = {isa = PBXBuildFile; fileRef = E703AC5E2242215E00E7FA4F /* PieProgressView.swift */; };
		E703AC632242215E00E7FA4F /* CGFloat+Radians.swift in Sources */ = {isa = PBXBuildFile; fileRef = E703AC5F2242215E00E7FA4F /* CGFloat+Radians.swift */; };
		E703AC652243364000E7FA4F /* EventSettingViewController.swift in Sources */ = {isa = PBXBuildFile; fileRef = E703AC642243364000E7FA4F /* EventSettingViewController.swift */; };
		E703AC67224336EC00E7FA4F /* EventSettingViewReactor.swift in Sources */ = {isa = PBXBuildFile; fileRef = E703AC66224336EC00E7FA4F /* EventSettingViewReactor.swift */; };
		E7272E32221A5234007ED8AD /* Event.swift in Sources */ = {isa = PBXBuildFile; fileRef = E7272E31221A5234007ED8AD /* Event.swift */; };
		E7272E34221A5E15007ED8AD /* Clock.swift in Sources */ = {isa = PBXBuildFile; fileRef = E7272E33221A5E15007ED8AD /* Clock.swift */; };
		E729285422170379002C4576 /* AppDelegate.swift in Sources */ = {isa = PBXBuildFile; fileRef = E729285322170379002C4576 /* AppDelegate.swift */; };
		E729285622170379002C4576 /* ViewController.swift in Sources */ = {isa = PBXBuildFile; fileRef = E729285522170379002C4576 /* ViewController.swift */; };
		E729285922170379002C4576 /* Main.storyboard in Resources */ = {isa = PBXBuildFile; fileRef = E729285722170379002C4576 /* Main.storyboard */; };
		E729285B2217037B002C4576 /* Assets.xcassets in Resources */ = {isa = PBXBuildFile; fileRef = E729285A2217037B002C4576 /* Assets.xcassets */; };
		E729285E2217037B002C4576 /* LaunchScreen.storyboard in Resources */ = {isa = PBXBuildFile; fileRef = E729285C2217037B002C4576 /* LaunchScreen.storyboard */; };
		E771DB9E22350D26005CABE1 /* Weather.swift in Sources */ = {isa = PBXBuildFile; fileRef = E771DB9D22350D26005CABE1 /* Weather.swift */; };
		E7E5617222190F40000CA186 /* ViewReactor.swift in Sources */ = {isa = PBXBuildFile; fileRef = E7E5617122190F40000CA186 /* ViewReactor.swift */; };
		E7E9DEC02249F35D00C0CA5A /* Insomnia.swift in Sources */ = {isa = PBXBuildFile; fileRef = E7E9DEBF2249F35D00C0CA5A /* Insomnia.swift */; };
/* End PBXBuildFile section */

/* Begin PBXFileReference section */
		151CBF811C3C5387659C86A5 /* Pods-CalendarClock.debug.xcconfig */ = {isa = PBXFileReference; includeInIndex = 1; lastKnownFileType = text.xcconfig; name = "Pods-CalendarClock.debug.xcconfig"; path = "Target Support Files/Pods-CalendarClock/Pods-CalendarClock.debug.xcconfig"; sourceTree = "<group>"; };
		2A2A3C10236FEC32008FF51D /* SECRET.swift */ = {isa = PBXFileReference; lastKnownFileType = sourcecode.swift; path = SECRET.swift; sourceTree = "<group>"; };
		2A471CF4256A4BAF004A0AA1 /* CustomWeather.swift */ = {isa = PBXFileReference; lastKnownFileType = sourcecode.swift; path = CustomWeather.swift; sourceTree = "<group>"; };
		A6D9247FE49AB737B887DFC6 /* Pods_CalendarClock.framework */ = {isa = PBXFileReference; explicitFileType = wrapper.framework; includeInIndex = 0; path = Pods_CalendarClock.framework; sourceTree = BUILT_PRODUCTS_DIR; };
		AC414B3C2C1F373E13F07029 /* Pods-CalendarClock.release.xcconfig */ = {isa = PBXFileReference; includeInIndex = 1; lastKnownFileType = text.xcconfig; name = "Pods-CalendarClock.release.xcconfig"; path = "Target Support Files/Pods-CalendarClock/Pods-CalendarClock.release.xcconfig"; sourceTree = "<group>"; };
		E703AC5C2242215E00E7FA4F /* PieProgressLayer.swift */ = {isa = PBXFileReference; fileEncoding = 4; lastKnownFileType = sourcecode.swift; path = PieProgressLayer.swift; sourceTree = "<group>"; };
		E703AC5D2242215E00E7FA4F /* NSBezierPath+CGPath.swift */ = {isa = PBXFileReference; fileEncoding = 4; lastKnownFileType = sourcecode.swift; path = "NSBezierPath+CGPath.swift"; sourceTree = "<group>"; };
		E703AC5E2242215E00E7FA4F /* PieProgressView.swift */ = {isa = PBXFileReference; fileEncoding = 4; lastKnownFileType = sourcecode.swift; path = PieProgressView.swift; sourceTree = "<group>"; };
		E703AC5F2242215E00E7FA4F /* CGFloat+Radians.swift */ = {isa = PBXFileReference; fileEncoding = 4; lastKnownFileType = sourcecode.swift; path = "CGFloat+Radians.swift"; sourceTree = "<group>"; };
		E703AC642243364000E7FA4F /* EventSettingViewController.swift */ = {isa = PBXFileReference; lastKnownFileType = sourcecode.swift; path = EventSettingViewController.swift; sourceTree = "<group>"; };
		E703AC66224336EC00E7FA4F /* EventSettingViewReactor.swift */ = {isa = PBXFileReference; lastKnownFileType = sourcecode.swift; path = EventSettingViewReactor.swift; sourceTree = "<group>"; };
		E7272E31221A5234007ED8AD /* Event.swift */ = {isa = PBXFileReference; lastKnownFileType = sourcecode.swift; path = Event.swift; sourceTree = "<group>"; };
		E7272E33221A5E15007ED8AD /* Clock.swift */ = {isa = PBXFileReference; lastKnownFileType = sourcecode.swift; path = Clock.swift; sourceTree = "<group>"; };
		E729285022170379002C4576 /* CalendarClock.app */ = {isa = PBXFileReference; explicitFileType = wrapper.application; includeInIndex = 0; path = CalendarClock.app; sourceTree = BUILT_PRODUCTS_DIR; };
		E729285322170379002C4576 /* AppDelegate.swift */ = {isa = PBXFileReference; lastKnownFileType = sourcecode.swift; path = AppDelegate.swift; sourceTree = "<group>"; };
		E729285522170379002C4576 /* ViewController.swift */ = {isa = PBXFileReference; lastKnownFileType = sourcecode.swift; path = ViewController.swift; sourceTree = "<group>"; };
		E729285822170379002C4576 /* Base */ = {isa = PBXFileReference; lastKnownFileType = file.storyboard; name = Base; path = Base.lproj/Main.storyboard; sourceTree = "<group>"; };
		E729285A2217037B002C4576 /* Assets.xcassets */ = {isa = PBXFileReference; lastKnownFileType = folder.assetcatalog; path = Assets.xcassets; sourceTree = "<group>"; };
		E729285D2217037B002C4576 /* Base */ = {isa = PBXFileReference; lastKnownFileType = file.storyboard; name = Base; path = Base.lproj/LaunchScreen.storyboard; sourceTree = "<group>"; };
		E729285F2217037B002C4576 /* Info.plist */ = {isa = PBXFileReference; lastKnownFileType = text.plist.xml; path = Info.plist; sourceTree = "<group>"; };
		E771DB9D22350D26005CABE1 /* Weather.swift */ = {isa = PBXFileReference; lastKnownFileType = sourcecode.swift; path = Weather.swift; sourceTree = "<group>"; };
		E7E5617122190F40000CA186 /* ViewReactor.swift */ = {isa = PBXFileReference; lastKnownFileType = sourcecode.swift; path = ViewReactor.swift; sourceTree = "<group>"; };
		E7E9DEBF2249F35D00C0CA5A /* Insomnia.swift */ = {isa = PBXFileReference; lastKnownFileType = sourcecode.swift; path = Insomnia.swift; sourceTree = "<group>"; };
/* End PBXFileReference section */

/* Begin PBXFrameworksBuildPhase section */
		E729284D22170379002C4576 /* Frameworks */ = {
			isa = PBXFrameworksBuildPhase;
			buildActionMask = 2147483647;
			files = (
				1FBBA74B1769F4C852975007 /* Pods_CalendarClock.framework in Frameworks */,
			);
			runOnlyForDeploymentPostprocessing = 0;
		};
/* End PBXFrameworksBuildPhase section */

/* Begin PBXGroup section */
		97C5D6CBC5087D5E630A19D9 /* Pods */ = {
			isa = PBXGroup;
			children = (
				151CBF811C3C5387659C86A5 /* Pods-CalendarClock.debug.xcconfig */,
				AC414B3C2C1F373E13F07029 /* Pods-CalendarClock.release.xcconfig */,
			);
			path = Pods;
			sourceTree = "<group>";
		};
		B2FEA7BB25CB1B24396A959B /* Frameworks */ = {
			isa = PBXGroup;
			children = (
				A6D9247FE49AB737B887DFC6 /* Pods_CalendarClock.framework */,
			);
			name = Frameworks;
			sourceTree = "<group>";
		};
		E703AC5B2242215E00E7FA4F /* PieProgressView */ = {
			isa = PBXGroup;
			children = (
				E703AC5C2242215E00E7FA4F /* PieProgressLayer.swift */,
				E703AC5D2242215E00E7FA4F /* NSBezierPath+CGPath.swift */,
				E703AC5E2242215E00E7FA4F /* PieProgressView.swift */,
				E703AC5F2242215E00E7FA4F /* CGFloat+Radians.swift */,
			);
			path = PieProgressView;
			sourceTree = "<group>";
		};
		E729284722170379002C4576 = {
			isa = PBXGroup;
			children = (
				E729285222170379002C4576 /* CalendarClock */,
				E729285122170379002C4576 /* Products */,
				97C5D6CBC5087D5E630A19D9 /* Pods */,
				B2FEA7BB25CB1B24396A959B /* Frameworks */,
			);
			sourceTree = "<group>";
		};
		E729285122170379002C4576 /* Products */ = {
			isa = PBXGroup;
			children = (
				E729285022170379002C4576 /* CalendarClock.app */,
			);
			name = Products;
			sourceTree = "<group>";
		};
		E729285222170379002C4576 /* CalendarClock */ = {
			isa = PBXGroup;
			children = (
				E7E9DEBF2249F35D00C0CA5A /* Insomnia.swift */,
				E703AC5B2242215E00E7FA4F /* PieProgressView */,
				E729285322170379002C4576 /* AppDelegate.swift */,
				E729285522170379002C4576 /* ViewController.swift */,
				E7E5617122190F40000CA186 /* ViewReactor.swift */,
				E703AC642243364000E7FA4F /* EventSettingViewController.swift */,
				E703AC66224336EC00E7FA4F /* EventSettingViewReactor.swift */,
				E7272E31221A5234007ED8AD /* Event.swift */,
				E7272E33221A5E15007ED8AD /* Clock.swift */,
				E771DB9D22350D26005CABE1 /* Weather.swift */,
				E729285722170379002C4576 /* Main.storyboard */,
				E729285A2217037B002C4576 /* Assets.xcassets */,
				E729285C2217037B002C4576 /* LaunchScreen.storyboard */,
				E729285F2217037B002C4576 /* Info.plist */,
				2A2A3C10236FEC32008FF51D /* SECRET.swift */,
				2A471CF4256A4BAF004A0AA1 /* CustomWeather.swift */,
			);
			path = CalendarClock;
			sourceTree = "<group>";
		};
/* End PBXGroup section */

/* Begin PBXNativeTarget section */
		E729284F22170379002C4576 /* CalendarClock */ = {
			isa = PBXNativeTarget;
			buildConfigurationList = E72928622217037B002C4576 /* Build configuration list for PBXNativeTarget "CalendarClock" */;
			buildPhases = (
				C249BD6BDBDE3E319EEA20A0 /* [CP] Check Pods Manifest.lock */,
				E729284C22170379002C4576 /* Sources */,
				E729284D22170379002C4576 /* Frameworks */,
				E729284E22170379002C4576 /* Resources */,
				09B687AE7E4DAC0C5F28A832 /* [CP] Embed Pods Frameworks */,
			);
			buildRules = (
			);
			dependencies = (
			);
			name = CalendarClock;
			productName = CalendarClock;
			productReference = E729285022170379002C4576 /* CalendarClock.app */;
			productType = "com.apple.product-type.application";
		};
/* End PBXNativeTarget section */

/* Begin PBXProject section */
		E729284822170379002C4576 /* Project object */ = {
			isa = PBXProject;
			attributes = {
				LastSwiftUpdateCheck = 1010;
				LastUpgradeCheck = 1010;
				ORGANIZATIONNAME = "Mookyung Kwak";
				TargetAttributes = {
					E729284F22170379002C4576 = {
						CreatedOnToolsVersion = 10.1;
					};
				};
			};
			buildConfigurationList = E729284B22170379002C4576 /* Build configuration list for PBXProject "CalendarClock" */;
			compatibilityVersion = "Xcode 9.3";
			developmentRegion = en;
			hasScannedForEncodings = 0;
			knownRegions = (
				en,
				Base,
			);
			mainGroup = E729284722170379002C4576;
			productRefGroup = E729285122170379002C4576 /* Products */;
			projectDirPath = "";
			projectRoot = "";
			targets = (
				E729284F22170379002C4576 /* CalendarClock */,
			);
		};
/* End PBXProject section */

/* Begin PBXResourcesBuildPhase section */
		E729284E22170379002C4576 /* Resources */ = {
			isa = PBXResourcesBuildPhase;
			buildActionMask = 2147483647;
			files = (
				E729285E2217037B002C4576 /* LaunchScreen.storyboard in Resources */,
				E729285B2217037B002C4576 /* Assets.xcassets in Resources */,
				E729285922170379002C4576 /* Main.storyboard in Resources */,
			);
			runOnlyForDeploymentPostprocessing = 0;
		};
/* End PBXResourcesBuildPhase section */

/* Begin PBXShellScriptBuildPhase section */
		09B687AE7E4DAC0C5F28A832 /* [CP] Embed Pods Frameworks */ = {
			isa = PBXShellScriptBuildPhase;
			buildActionMask = 2147483647;
			files = (
			);
			inputFileListPaths = (
				"${PODS_ROOT}/Target Support Files/Pods-CalendarClock/Pods-CalendarClock-frameworks-${CONFIGURATION}-input-files.xcfilelist",
			);
			name = "[CP] Embed Pods Frameworks";
			outputFileListPaths = (
				"${PODS_ROOT}/Target Support Files/Pods-CalendarClock/Pods-CalendarClock-frameworks-${CONFIGURATION}-output-files.xcfilelist",
			);
			runOnlyForDeploymentPostprocessing = 0;
			shellPath = /bin/sh;
			shellScript = "\"${PODS_ROOT}/Target Support Files/Pods-CalendarClock/Pods-CalendarClock-frameworks.sh\"\n";
			showEnvVarsInLog = 0;
		};
		C249BD6BDBDE3E319EEA20A0 /* [CP] Check Pods Manifest.lock */ = {
			isa = PBXShellScriptBuildPhase;
			buildActionMask = 2147483647;
			files = (
			);
			inputFileListPaths = (
			);
			inputPaths = (
				"${PODS_PODFILE_DIR_PATH}/Podfile.lock",
				"${PODS_ROOT}/Manifest.lock",
			);
			name = "[CP] Check Pods Manifest.lock";
			outputFileListPaths = (
			);
			outputPaths = (
				"$(DERIVED_FILE_DIR)/Pods-CalendarClock-checkManifestLockResult.txt",
			);
			runOnlyForDeploymentPostprocessing = 0;
			shellPath = /bin/sh;
			shellScript = "diff \"${PODS_PODFILE_DIR_PATH}/Podfile.lock\" \"${PODS_ROOT}/Manifest.lock\" > /dev/null\nif [ $? != 0 ] ; then\n    # print error to STDERR\n    echo \"error: The sandbox is not in sync with the Podfile.lock. Run 'pod install' or update your CocoaPods installation.\" >&2\n    exit 1\nfi\n# This output is used by Xcode 'outputs' to avoid re-running this script phase.\necho \"SUCCESS\" > \"${SCRIPT_OUTPUT_FILE_0}\"\n";
			showEnvVarsInLog = 0;
		};
/* End PBXShellScriptBuildPhase section */

/* Begin PBXSourcesBuildPhase section */
		E729284C22170379002C4576 /* Sources */ = {
			isa = PBXSourcesBuildPhase;
			buildActionMask = 2147483647;
			files = (
				E703AC652243364000E7FA4F /* EventSettingViewController.swift in Sources */,
				E703AC612242215E00E7FA4F /* NSBezierPath+CGPath.swift in Sources */,
				2A471CF5256A4BAF004A0AA1 /* CustomWeather.swift in Sources */,
				E7272E32221A5234007ED8AD /* Event.swift in Sources */,
				2A2A3C11236FEC32008FF51D /* SECRET.swift in Sources */,
				E7E9DEC02249F35D00C0CA5A /* Insomnia.swift in Sources */,
				E703AC67224336EC00E7FA4F /* EventSettingViewReactor.swift in Sources */,
				E703AC602242215E00E7FA4F /* PieProgressLayer.swift in Sources */,
				E729285622170379002C4576 /* ViewController.swift in Sources */,
				E703AC622242215E00E7FA4F /* PieProgressView.swift in Sources */,
				E7E5617222190F40000CA186 /* ViewReactor.swift in Sources */,
				E703AC632242215E00E7FA4F /* CGFloat+Radians.swift in Sources */,
				E729285422170379002C4576 /* AppDelegate.swift in Sources */,
				E771DB9E22350D26005CABE1 /* Weather.swift in Sources */,
				E7272E34221A5E15007ED8AD /* Clock.swift in Sources */,
			);
			runOnlyForDeploymentPostprocessing = 0;
		};
/* End PBXSourcesBuildPhase section */

/* Begin PBXVariantGroup section */
		E729285722170379002C4576 /* Main.storyboard */ = {
			isa = PBXVariantGroup;
			children = (
				E729285822170379002C4576 /* Base */,
			);
			name = Main.storyboard;
			sourceTree = "<group>";
		};
		E729285C2217037B002C4576 /* LaunchScreen.storyboard */ = {
			isa = PBXVariantGroup;
			children = (
				E729285D2217037B002C4576 /* Base */,
			);
			name = LaunchScreen.storyboard;
			sourceTree = "<group>";
		};
/* End PBXVariantGroup section */

/* Begin XCBuildConfiguration section */
		E72928602217037B002C4576 /* Debug */ = {
			isa = XCBuildConfiguration;
			buildSettings = {
				ALWAYS_SEARCH_USER_PATHS = NO;
				CLANG_ANALYZER_NONNULL = YES;
				CLANG_ANALYZER_NUMBER_OBJECT_CONVERSION = YES_AGGRESSIVE;
				CLANG_CXX_LANGUAGE_STANDARD = "gnu++14";
				CLANG_CXX_LIBRARY = "libc++";
				CLANG_ENABLE_MODULES = YES;
				CLANG_ENABLE_OBJC_ARC = YES;
				CLANG_ENABLE_OBJC_WEAK = YES;
				CLANG_WARN_BLOCK_CAPTURE_AUTORELEASING = YES;
				CLANG_WARN_BOOL_CONVERSION = YES;
				CLANG_WARN_COMMA = YES;
				CLANG_WARN_CONSTANT_CONVERSION = YES;
				CLANG_WARN_DEPRECATED_OBJC_IMPLEMENTATIONS = YES;
				CLANG_WARN_DIRECT_OBJC_ISA_USAGE = YES_ERROR;
				CLANG_WARN_DOCUMENTATION_COMMENTS = YES;
				CLANG_WARN_EMPTY_BODY = YES;
				CLANG_WARN_ENUM_CONVERSION = YES;
				CLANG_WARN_INFINITE_RECURSION = YES;
				CLANG_WARN_INT_CONVERSION = YES;
				CLANG_WARN_NON_LITERAL_NULL_CONVERSION = YES;
				CLANG_WARN_OBJC_IMPLICIT_RETAIN_SELF = YES;
				CLANG_WARN_OBJC_LITERAL_CONVERSION = YES;
				CLANG_WARN_OBJC_ROOT_CLASS = YES_ERROR;
				CLANG_WARN_RANGE_LOOP_ANALYSIS = YES;
				CLANG_WARN_STRICT_PROTOTYPES = YES;
				CLANG_WARN_SUSPICIOUS_MOVE = YES;
				CLANG_WARN_UNGUARDED_AVAILABILITY = YES_AGGRESSIVE;
				CLANG_WARN_UNREACHABLE_CODE = YES;
				CLANG_WARN__DUPLICATE_METHOD_MATCH = YES;
				CODE_SIGN_IDENTITY = "iPhone Developer";
				COPY_PHASE_STRIP = NO;
				DEBUG_INFORMATION_FORMAT = dwarf;
				ENABLE_STRICT_OBJC_MSGSEND = YES;
				ENABLE_TESTABILITY = YES;
				GCC_C_LANGUAGE_STANDARD = gnu11;
				GCC_DYNAMIC_NO_PIC = NO;
				GCC_NO_COMMON_BLOCKS = YES;
				GCC_OPTIMIZATION_LEVEL = 0;
				GCC_PREPROCESSOR_DEFINITIONS = (
					"DEBUG=1",
					"$(inherited)",
				);
				GCC_WARN_64_TO_32_BIT_CONVERSION = YES;
				GCC_WARN_ABOUT_RETURN_TYPE = YES_ERROR;
				GCC_WARN_UNDECLARED_SELECTOR = YES;
				GCC_WARN_UNINITIALIZED_AUTOS = YES_AGGRESSIVE;
				GCC_WARN_UNUSED_FUNCTION = YES;
				GCC_WARN_UNUSED_VARIABLE = YES;
				IPHONEOS_DEPLOYMENT_TARGET = 9.1;
				MTL_ENABLE_DEBUG_INFO = INCLUDE_SOURCE;
				MTL_FAST_MATH = YES;
				ONLY_ACTIVE_ARCH = YES;
				SDKROOT = iphoneos;
				SWIFT_ACTIVE_COMPILATION_CONDITIONS = DEBUG;
				SWIFT_OPTIMIZATION_LEVEL = "-Onone";
			};
			name = Debug;
		};
		E72928612217037B002C4576 /* Release */ = {
			isa = XCBuildConfiguration;
			buildSettings = {
				ALWAYS_SEARCH_USER_PATHS = NO;
				CLANG_ANALYZER_NONNULL = YES;
				CLANG_ANALYZER_NUMBER_OBJECT_CONVERSION = YES_AGGRESSIVE;
				CLANG_CXX_LANGUAGE_STANDARD = "gnu++14";
				CLANG_CXX_LIBRARY = "libc++";
				CLANG_ENABLE_MODULES = YES;
				CLANG_ENABLE_OBJC_ARC = YES;
				CLANG_ENABLE_OBJC_WEAK = YES;
				CLANG_WARN_BLOCK_CAPTURE_AUTORELEASING = YES;
				CLANG_WARN_BOOL_CONVERSION = YES;
				CLANG_WARN_COMMA = YES;
				CLANG_WARN_CONSTANT_CONVERSION = YES;
				CLANG_WARN_DEPRECATED_OBJC_IMPLEMENTATIONS = YES;
				CLANG_WARN_DIRECT_OBJC_ISA_USAGE = YES_ERROR;
				CLANG_WARN_DOCUMENTATION_COMMENTS = YES;
				CLANG_WARN_EMPTY_BODY = YES;
				CLANG_WARN_ENUM_CONVERSION = YES;
				CLANG_WARN_INFINITE_RECURSION = YES;
				CLANG_WARN_INT_CONVERSION = YES;
				CLANG_WARN_NON_LITERAL_NULL_CONVERSION = YES;
				CLANG_WARN_OBJC_IMPLICIT_RETAIN_SELF = YES;
				CLANG_WARN_OBJC_LITERAL_CONVERSION = YES;
				CLANG_WARN_OBJC_ROOT_CLASS = YES_ERROR;
				CLANG_WARN_RANGE_LOOP_ANALYSIS = YES;
				CLANG_WARN_STRICT_PROTOTYPES = YES;
				CLANG_WARN_SUSPICIOUS_MOVE = YES;
				CLANG_WARN_UNGUARDED_AVAILABILITY = YES_AGGRESSIVE;
				CLANG_WARN_UNREACHABLE_CODE = YES;
				CLANG_WARN__DUPLICATE_METHOD_MATCH = YES;
				CODE_SIGN_IDENTITY = "iPhone Developer";
				COPY_PHASE_STRIP = NO;
				DEBUG_INFORMATION_FORMAT = "dwarf-with-dsym";
				ENABLE_NS_ASSERTIONS = NO;
				ENABLE_STRICT_OBJC_MSGSEND = YES;
				GCC_C_LANGUAGE_STANDARD = gnu11;
				GCC_NO_COMMON_BLOCKS = YES;
				GCC_WARN_64_TO_32_BIT_CONVERSION = YES;
				GCC_WARN_ABOUT_RETURN_TYPE = YES_ERROR;
				GCC_WARN_UNDECLARED_SELECTOR = YES;
				GCC_WARN_UNINITIALIZED_AUTOS = YES_AGGRESSIVE;
				GCC_WARN_UNUSED_FUNCTION = YES;
				GCC_WARN_UNUSED_VARIABLE = YES;
				IPHONEOS_DEPLOYMENT_TARGET = 9.1;
				MTL_ENABLE_DEBUG_INFO = NO;
				MTL_FAST_MATH = YES;
				SDKROOT = iphoneos;
				SWIFT_COMPILATION_MODE = wholemodule;
				SWIFT_OPTIMIZATION_LEVEL = "-O";
				VALIDATE_PRODUCT = YES;
			};
			name = Release;
		};
		E72928632217037B002C4576 /* Debug */ = {
			isa = XCBuildConfiguration;
			baseConfigurationReference = 151CBF811C3C5387659C86A5 /* Pods-CalendarClock.debug.xcconfig */;
			buildSettings = {
				ASSETCATALOG_COMPILER_APPICON_NAME = AppIcon;
				CODE_SIGN_IDENTITY = "Apple Development";
				CODE_SIGN_STYLE = Automatic;
				CURRENT_PROJECT_VERSION = 1;
				DEVELOPMENT_TEAM = 9E3BES8CW5;
				INFOPLIST_FILE = CalendarClock/Info.plist;
				IPHONEOS_DEPLOYMENT_TARGET = 9.1;
				LD_RUNPATH_SEARCH_PATHS = (
					"$(inherited)",
					"@executable_path/Frameworks",
				);
				MARKETING_VERSION = 2.1;
				PRODUCT_BUNDLE_IDENTIFIER = dev.chopchop.taskyclock;
				PRODUCT_NAME = "$(TARGET_NAME)";
				PROVISIONING_PROFILE_SPECIFIER = "";
				SWIFT_VERSION = 4.2;
				TARGETED_DEVICE_FAMILY = "1,2";
			};
			name = Debug;
		};
		E72928642217037B002C4576 /* Release */ = {
			isa = XCBuildConfiguration;
			baseConfigurationReference = AC414B3C2C1F373E13F07029 /* Pods-CalendarClock.release.xcconfig */;
			buildSettings = {
				ASSETCATALOG_COMPILER_APPICON_NAME = AppIcon;
				CODE_SIGN_IDENTITY = "Apple Development";
				CODE_SIGN_STYLE = Automatic;
				CURRENT_PROJECT_VERSION = 1;
				DEVELOPMENT_TEAM = 9E3BES8CW5;
				INFOPLIST_FILE = CalendarClock/Info.plist;
				IPHONEOS_DEPLOYMENT_TARGET = 9.1;
				LD_RUNPATH_SEARCH_PATHS = (
					"$(inherited)",
					"@executable_path/Frameworks",
				);
				MARKETING_VERSION = 2.1;
				PRODUCT_BUNDLE_IDENTIFIER = dev.chopchop.taskyclock;
				PRODUCT_NAME = "$(TARGET_NAME)";
				PROVISIONING_PROFILE_SPECIFIER = "";
				SWIFT_VERSION = 4.2;
				TARGETED_DEVICE_FAMILY = "1,2";
			};
			name = Release;
		};
/* End XCBuildConfiguration section */

/* Begin XCConfigurationList section */
		E729284B22170379002C4576 /* Build configuration list for PBXProject "CalendarClock" */ = {
			isa = XCConfigurationList;
			buildConfigurations = (
				E72928602217037B002C4576 /* Debug */,
				E72928612217037B002C4576 /* Release */,
			);
			defaultConfigurationIsVisible = 0;
			defaultConfigurationName = Release;
		};
		E72928622217037B002C4576 /* Build configuration list for PBXNativeTarget "CalendarClock" */ = {
			isa = XCConfigurationList;
			buildConfigurations = (
				E72928632217037B002C4576 /* Debug */,
				E72928642217037B002C4576 /* Release */,
			);
			defaultConfigurationIsVisible = 0;
			defaultConfigurationName = Release;
		};
/* End XCConfigurationList section */
	};
	rootObject = E729284822170379002C4576 /* Project object */;
}
